
Microsoft Visual Studio Solution File, Format Version 12.00
# Visual Studio 2013
VisualStudioVersion = 12.0.31101.0
MinimumVisualStudioVersion = 10.0.40219.1
Project("{2150E333-8FDC-42A3-9474-1A3956D46DE8}") = ".nuget", ".nuget", "{32EC5B06-EE99-4843-8138-597E832E316B}"
	ProjectSection(SolutionItems) = preProject
		.nuget\NuGet.Config = .nuget\NuGet.Config
		.nuget\NuGet.exe = .nuget\NuGet.exe
		.nuget\NuGet.targets = .nuget\NuGet.targets
	EndProjectSection
EndProject
Project("{2150E333-8FDC-42A3-9474-1A3956D46DE8}") = "1. Front", "1. Front", "{24A8EF34-C3B7-4153-AADD-B10460E404D9}"
EndProject
Project("{2150E333-8FDC-42A3-9474-1A3956D46DE8}") = "6. Core", "6. Core", "{05981E7D-7EB5-49C7-859F-EC473750C68D}"
EndProject
Project("{2150E333-8FDC-42A3-9474-1A3956D46DE8}") = "7. Cross Cutting", "7. Cross Cutting", "{CC5550ED-7AF3-4077-ADFB-D617DFC415AA}"
EndProject
Project("{2150E333-8FDC-42A3-9474-1A3956D46DE8}") = "8. Files", "8. Files", "{CD13EAC6-E0E1-42CF-9A45-385096ED9AFB}"
	ProjectSection(SolutionItems) = preProject
		..\.gitignore = ..\.gitignore
		..\LICENSE = ..\LICENSE
		..\README.md = ..\README.md
	EndProjectSection
EndProject
Project("{FAE04EC0-301F-11D3-BF4B-00C04F79EFBC}") = "CrimeMap.Common", "CrimeMap.Common\CrimeMap.Common.csproj", "{F84A167D-08E8-4DD9-A4B3-BB63167DC26C}"
EndProject
Project("{FAE04EC0-301F-11D3-BF4B-00C04F79EFBC}") = "CrimeMap.Encryption", "CrimeMap.Encryption\CrimeMap.Encryption.csproj", "{FB6D07F2-04CC-439A-9945-5EB6DC71EC21}"
EndProject
Project("{FAE04EC0-301F-11D3-BF4B-00C04F79EFBC}") = "CrimeMap.Core", "CrimeMap.Core\CrimeMap.Core.csproj", "{AD778CD4-A477-4C4C-8F97-B3E268ECA17F}"
EndProject
Project("{FAE04EC0-301F-11D3-BF4B-00C04F79EFBC}") = "CrimeMap.WebUI", "CrimeMap.WebUI\CrimeMap.WebUI.csproj", "{89CBBD4E-F95E-49C8-AA25-1CE95008720D}"
EndProject
Project("{FAE04EC0-301F-11D3-BF4B-00C04F79EFBC}") = "CrimeMap.EventStore", "CrimeMap.EventStore\CrimeMap.EventStore.csproj", "{098F874A-D911-4787-9268-8CAA955F06BB}"
EndProject
Project("{FAE04EC0-301F-11D3-BF4B-00C04F79EFBC}") = "CrimeMap.Cache", "CrimeMap.Cache\CrimeMap.Cache.csproj", "{C3191304-BAF0-4787-9106-6BC96DB85291}"
EndProject
Project("{FAE04EC0-301F-11D3-BF4B-00C04F79EFBC}") = "CrimeMap.Domain", "CrimeMap.Domain\CrimeMap.Domain.csproj", "{F970170D-D2B1-47F4-8F73-870772F3993B}"
EndProject
Project("{FAE04EC0-301F-11D3-BF4B-00C04F79EFBC}") = "CrimeMap.Commands", "CrimeMap.Commands\CrimeMap.Commands.csproj", "{0EAC121A-2397-4998-B56E-EB252B3F4AC3}"
EndProject
Project("{FAE04EC0-301F-11D3-BF4B-00C04F79EFBC}") = "CrimeMap.MongoDb", "CrimeMap.MongoDb\CrimeMap.MongoDb.csproj", "{818655FE-9974-45A2-8A5D-2319A1E091F0}"
EndProject
Project("{FAE04EC0-301F-11D3-BF4B-00C04F79EFBC}") = "CrimeMap.QueryModel", "CrimeMap.QueryModel\CrimeMap.QueryModel.csproj", "{EEA471A9-25F8-45B8-B42A-06BCA6BC0544}"
EndProject
Project("{FAE04EC0-301F-11D3-BF4B-00C04F79EFBC}") = "CrimeMap.WebApi", "CrimeMap.WebApi\CrimeMap.WebApi.csproj", "{3A7FC7FC-2270-4577-A549-C4CE9B93A56B}"
EndProject
Project("{FAE04EC0-301F-11D3-BF4B-00C04F79EFBC}") = "CrimeMap.Log", "CrimeMap.Log\CrimeMap.Log.csproj", "{8E0FE2C7-7EF6-4694-B38A-A338116F88DE}"
EndProject
Project("{FAE04EC0-301F-11D3-BF4B-00C04F79EFBC}") = "CrimaMap.ApplicationServices", "CrimaMap.ApplicationServices\CrimaMap.ApplicationServices.csproj", "{634403D8-93B7-4CE1-A02B-1F71C2D37DD6}"
EndProject
Project("{FAE04EC0-301F-11D3-BF4B-00C04F79EFBC}") = "CrimeMap.CommandHandlers", "CrimeMap.CommandHandlers\CrimeMap.CommandHandlers.csproj", "{4246DF3A-9EDB-4B97-A03D-B9C786F908F0}"
EndProject
Project("{FAE04EC0-301F-11D3-BF4B-00C04F79EFBC}") = "CrimeMap.EventHandlers", "CrimeMap.EventHandlers\CrimeMap.EventHandlers.csproj", "{40224AAB-0CC4-44C1-8D64-34B62C5F4B53}"
EndProject
Project("{2150E333-8FDC-42A3-9474-1A3956D46DE8}") = "3. Command", "3. Command", "{9A5802D6-EC32-4436-852D-AD9F7C7B3744}"
EndProject
Project("{2150E333-8FDC-42A3-9474-1A3956D46DE8}") = "4. Query", "4. Query", "{F8E30584-4018-4C26-86B5-D51C89432229}"
EndProject
Project("{2150E333-8FDC-42A3-9474-1A3956D46DE8}") = "5. Event", "5. Event", "{467ECDF5-7920-4D1F-8F8C-44720870E202}"
EndProject
Project("{FAE04EC0-301F-11D3-BF4B-00C04F79EFBC}") = "CrimeMap.DataTransferObjects", "CrimeMap.DataTransferObjects\CrimeMap.DataTransferObjects.csproj", "{81659821-B124-455A-BB79-BF6FE4EBF7CC}"
EndProject
Project("{FAE04EC0-301F-11D3-BF4B-00C04F79EFBC}") = "CrimeMap.EventListenerService", "CrimeMap.EventListenerService\CrimeMap.EventListenerService.csproj", "{34B4E33D-EBAE-407F-B116-609C832518DB}"
EndProject
Project("{2150E333-8FDC-42A3-9474-1A3956D46DE8}") = "2. Application Services", "2. Application Services", "{F3B36442-E5B0-4C2F-8B24-8A18624223F2}"
EndProject
Project("{FAE04EC0-301F-11D3-BF4B-00C04F79EFBC}") = "CrimeMap.ApiClient", "CrimeMap.ApiClient\CrimeMap.ApiClient.csproj", "{608C0371-54A1-420D-98AB-F860506A6067}"
EndProject
Project("{FAE04EC0-301F-11D3-BF4B-00C04F79EFBC}") = "CrimeMap.Api", "CrimeMap.Api\CrimeMap.Api.csproj", "{9CC2B321-9F8C-4DA6-8EE5-E3AF36595B14}"
EndProject
Global
	GlobalSection(SolutionConfigurationPlatforms) = preSolution
		Debug|Any CPU = Debug|Any CPU
		Release|Any CPU = Release|Any CPU
	EndGlobalSection
	GlobalSection(ProjectConfigurationPlatforms) = postSolution
		{F84A167D-08E8-4DD9-A4B3-BB63167DC26C}.Debug|Any CPU.ActiveCfg = Debug|Any CPU
		{F84A167D-08E8-4DD9-A4B3-BB63167DC26C}.Debug|Any CPU.Build.0 = Debug|Any CPU
		{F84A167D-08E8-4DD9-A4B3-BB63167DC26C}.Release|Any CPU.ActiveCfg = Release|Any CPU
		{F84A167D-08E8-4DD9-A4B3-BB63167DC26C}.Release|Any CPU.Build.0 = Release|Any CPU
		{FB6D07F2-04CC-439A-9945-5EB6DC71EC21}.Debug|Any CPU.ActiveCfg = Debug|Any CPU
		{FB6D07F2-04CC-439A-9945-5EB6DC71EC21}.Debug|Any CPU.Build.0 = Debug|Any CPU
		{FB6D07F2-04CC-439A-9945-5EB6DC71EC21}.Release|Any CPU.ActiveCfg = Release|Any CPU
		{FB6D07F2-04CC-439A-9945-5EB6DC71EC21}.Release|Any CPU.Build.0 = Release|Any CPU
		{AD778CD4-A477-4C4C-8F97-B3E268ECA17F}.Debug|Any CPU.ActiveCfg = Debug|Any CPU
		{AD778CD4-A477-4C4C-8F97-B3E268ECA17F}.Debug|Any CPU.Build.0 = Debug|Any CPU
		{AD778CD4-A477-4C4C-8F97-B3E268ECA17F}.Release|Any CPU.ActiveCfg = Release|Any CPU
		{AD778CD4-A477-4C4C-8F97-B3E268ECA17F}.Release|Any CPU.Build.0 = Release|Any CPU
		{89CBBD4E-F95E-49C8-AA25-1CE95008720D}.Debug|Any CPU.ActiveCfg = Debug|Any CPU
		{89CBBD4E-F95E-49C8-AA25-1CE95008720D}.Debug|Any CPU.Build.0 = Debug|Any CPU
		{89CBBD4E-F95E-49C8-AA25-1CE95008720D}.Release|Any CPU.ActiveCfg = Release|Any CPU
		{89CBBD4E-F95E-49C8-AA25-1CE95008720D}.Release|Any CPU.Build.0 = Release|Any CPU
		{098F874A-D911-4787-9268-8CAA955F06BB}.Debug|Any CPU.ActiveCfg = Debug|Any CPU
		{098F874A-D911-4787-9268-8CAA955F06BB}.Debug|Any CPU.Build.0 = Debug|Any CPU
		{098F874A-D911-4787-9268-8CAA955F06BB}.Release|Any CPU.ActiveCfg = Release|Any CPU
		{098F874A-D911-4787-9268-8CAA955F06BB}.Release|Any CPU.Build.0 = Release|Any CPU
		{C3191304-BAF0-4787-9106-6BC96DB85291}.Debug|Any CPU.ActiveCfg = Debug|Any CPU
		{C3191304-BAF0-4787-9106-6BC96DB85291}.Debug|Any CPU.Build.0 = Debug|Any CPU
		{C3191304-BAF0-4787-9106-6BC96DB85291}.Release|Any CPU.ActiveCfg = Release|Any CPU
		{C3191304-BAF0-4787-9106-6BC96DB85291}.Release|Any CPU.Build.0 = Release|Any CPU
		{F970170D-D2B1-47F4-8F73-870772F3993B}.Debug|Any CPU.ActiveCfg = Debug|Any CPU
		{F970170D-D2B1-47F4-8F73-870772F3993B}.Debug|Any CPU.Build.0 = Debug|Any CPU
		{F970170D-D2B1-47F4-8F73-870772F3993B}.Release|Any CPU.ActiveCfg = Release|Any CPU
		{F970170D-D2B1-47F4-8F73-870772F3993B}.Release|Any CPU.Build.0 = Release|Any CPU
		{0EAC121A-2397-4998-B56E-EB252B3F4AC3}.Debug|Any CPU.ActiveCfg = Debug|Any CPU
		{0EAC121A-2397-4998-B56E-EB252B3F4AC3}.Debug|Any CPU.Build.0 = Debug|Any CPU
		{0EAC121A-2397-4998-B56E-EB252B3F4AC3}.Release|Any CPU.ActiveCfg = Release|Any CPU
		{0EAC121A-2397-4998-B56E-EB252B3F4AC3}.Release|Any CPU.Build.0 = Release|Any CPU
		{818655FE-9974-45A2-8A5D-2319A1E091F0}.Debug|Any CPU.ActiveCfg = Debug|Any CPU
		{818655FE-9974-45A2-8A5D-2319A1E091F0}.Debug|Any CPU.Build.0 = Debug|Any CPU
		{818655FE-9974-45A2-8A5D-2319A1E091F0}.Release|Any CPU.ActiveCfg = Release|Any CPU
		{818655FE-9974-45A2-8A5D-2319A1E091F0}.Release|Any CPU.Build.0 = Release|Any CPU
		{EEA471A9-25F8-45B8-B42A-06BCA6BC0544}.Debug|Any CPU.ActiveCfg = Debug|Any CPU
		{EEA471A9-25F8-45B8-B42A-06BCA6BC0544}.Debug|Any CPU.Build.0 = Debug|Any CPU
		{EEA471A9-25F8-45B8-B42A-06BCA6BC0544}.Release|Any CPU.ActiveCfg = Release|Any CPU
		{EEA471A9-25F8-45B8-B42A-06BCA6BC0544}.Release|Any CPU.Build.0 = Release|Any CPU
		{3A7FC7FC-2270-4577-A549-C4CE9B93A56B}.Debug|Any CPU.ActiveCfg = Debug|Any CPU
		{3A7FC7FC-2270-4577-A549-C4CE9B93A56B}.Debug|Any CPU.Build.0 = Debug|Any CPU
		{3A7FC7FC-2270-4577-A549-C4CE9B93A56B}.Release|Any CPU.ActiveCfg = Release|Any CPU
		{3A7FC7FC-2270-4577-A549-C4CE9B93A56B}.Release|Any CPU.Build.0 = Release|Any CPU
		{8E0FE2C7-7EF6-4694-B38A-A338116F88DE}.Debug|Any CPU.ActiveCfg = Debug|Any CPU
		{8E0FE2C7-7EF6-4694-B38A-A338116F88DE}.Debug|Any CPU.Build.0 = Debug|Any CPU
		{8E0FE2C7-7EF6-4694-B38A-A338116F88DE}.Release|Any CPU.ActiveCfg = Release|Any CPU
		{8E0FE2C7-7EF6-4694-B38A-A338116F88DE}.Release|Any CPU.Build.0 = Release|Any CPU
		{634403D8-93B7-4CE1-A02B-1F71C2D37DD6}.Debug|Any CPU.ActiveCfg = Debug|Any CPU
		{634403D8-93B7-4CE1-A02B-1F71C2D37DD6}.Debug|Any CPU.Build.0 = Debug|Any CPU
		{634403D8-93B7-4CE1-A02B-1F71C2D37DD6}.Release|Any CPU.ActiveCfg = Release|Any CPU
		{634403D8-93B7-4CE1-A02B-1F71C2D37DD6}.Release|Any CPU.Build.0 = Release|Any CPU
		{4246DF3A-9EDB-4B97-A03D-B9C786F908F0}.Debug|Any CPU.ActiveCfg = Debug|Any CPU
		{4246DF3A-9EDB-4B97-A03D-B9C786F908F0}.Debug|Any CPU.Build.0 = Debug|Any CPU
		{4246DF3A-9EDB-4B97-A03D-B9C786F908F0}.Release|Any CPU.ActiveCfg = Release|Any CPU
		{4246DF3A-9EDB-4B97-A03D-B9C786F908F0}.Release|Any CPU.Build.0 = Release|Any CPU
		{40224AAB-0CC4-44C1-8D64-34B62C5F4B53}.Debug|Any CPU.ActiveCfg = Debug|Any CPU
		{40224AAB-0CC4-44C1-8D64-34B62C5F4B53}.Debug|Any CPU.Build.0 = Debug|Any CPU
		{40224AAB-0CC4-44C1-8D64-34B62C5F4B53}.Release|Any CPU.ActiveCfg = Release|Any CPU
		{40224AAB-0CC4-44C1-8D64-34B62C5F4B53}.Release|Any CPU.Build.0 = Release|Any CPU
		{81659821-B124-455A-BB79-BF6FE4EBF7CC}.Debug|Any CPU.ActiveCfg = Debug|Any CPU
		{81659821-B124-455A-BB79-BF6FE4EBF7CC}.Debug|Any CPU.Build.0 = Debug|Any CPU
		{81659821-B124-455A-BB79-BF6FE4EBF7CC}.Release|Any CPU.ActiveCfg = Release|Any CPU
		{81659821-B124-455A-BB79-BF6FE4EBF7CC}.Release|Any CPU.Build.0 = Release|Any CPU
		{34B4E33D-EBAE-407F-B116-609C832518DB}.Debug|Any CPU.ActiveCfg = Debug|Any CPU
		{34B4E33D-EBAE-407F-B116-609C832518DB}.Debug|Any CPU.Build.0 = Debug|Any CPU
		{34B4E33D-EBAE-407F-B116-609C832518DB}.Release|Any CPU.ActiveCfg = Release|Any CPU
		{34B4E33D-EBAE-407F-B116-609C832518DB}.Release|Any CPU.Build.0 = Release|Any CPU
		{608C0371-54A1-420D-98AB-F860506A6067}.Debug|Any CPU.ActiveCfg = Debug|Any CPU
		{608C0371-54A1-420D-98AB-F860506A6067}.Debug|Any CPU.Build.0 = Debug|Any CPU
		{608C0371-54A1-420D-98AB-F860506A6067}.Release|Any CPU.ActiveCfg = Release|Any CPU
		{608C0371-54A1-420D-98AB-F860506A6067}.Release|Any CPU.Build.0 = Release|Any CPU
		{9CC2B321-9F8C-4DA6-8EE5-E3AF36595B14}.Debug|Any CPU.ActiveCfg = Debug|Any CPU
		{9CC2B321-9F8C-4DA6-8EE5-E3AF36595B14}.Debug|Any CPU.Build.0 = Debug|Any CPU
		{9CC2B321-9F8C-4DA6-8EE5-E3AF36595B14}.Release|Any CPU.ActiveCfg = Release|Any CPU
		{9CC2B321-9F8C-4DA6-8EE5-E3AF36595B14}.Release|Any CPU.Build.0 = Release|Any CPU
	EndGlobalSection
	GlobalSection(SolutionProperties) = preSolution
		HideSolutionNode = FALSE
	EndGlobalSection
	GlobalSection(NestedProjects) = preSolution
		{F84A167D-08E8-4DD9-A4B3-BB63167DC26C} = {CC5550ED-7AF3-4077-ADFB-D617DFC415AA}
		{FB6D07F2-04CC-439A-9945-5EB6DC71EC21} = {CC5550ED-7AF3-4077-ADFB-D617DFC415AA}
		{AD778CD4-A477-4C4C-8F97-B3E268ECA17F} = {05981E7D-7EB5-49C7-859F-EC473750C68D}
		{89CBBD4E-F95E-49C8-AA25-1CE95008720D} = {24A8EF34-C3B7-4153-AADD-B10460E404D9}
		{098F874A-D911-4787-9268-8CAA955F06BB} = {467ECDF5-7920-4D1F-8F8C-44720870E202}
		{C3191304-BAF0-4787-9106-6BC96DB85291} = {CC5550ED-7AF3-4077-ADFB-D617DFC415AA}
		{F970170D-D2B1-47F4-8F73-870772F3993B} = {05981E7D-7EB5-49C7-859F-EC473750C68D}
		{0EAC121A-2397-4998-B56E-EB252B3F4AC3} = {9A5802D6-EC32-4436-852D-AD9F7C7B3744}
		{818655FE-9974-45A2-8A5D-2319A1E091F0} = {CC5550ED-7AF3-4077-ADFB-D617DFC415AA}
		{EEA471A9-25F8-45B8-B42A-06BCA6BC0544} = {F8E30584-4018-4C26-86B5-D51C89432229}
		{3A7FC7FC-2270-4577-A549-C4CE9B93A56B} = {CC5550ED-7AF3-4077-ADFB-D617DFC415AA}
		{8E0FE2C7-7EF6-4694-B38A-A338116F88DE} = {CC5550ED-7AF3-4077-ADFB-D617DFC415AA}
		{634403D8-93B7-4CE1-A02B-1F71C2D37DD6} = {F3B36442-E5B0-4C2F-8B24-8A18624223F2}
		{4246DF3A-9EDB-4B97-A03D-B9C786F908F0} = {9A5802D6-EC32-4436-852D-AD9F7C7B3744}
		{40224AAB-0CC4-44C1-8D64-34B62C5F4B53} = {467ECDF5-7920-4D1F-8F8C-44720870E202}
		{81659821-B124-455A-BB79-BF6FE4EBF7CC} = {F8E30584-4018-4C26-86B5-D51C89432229}
		{34B4E33D-EBAE-407F-B116-609C832518DB} = {467ECDF5-7920-4D1F-8F8C-44720870E202}
		{608C0371-54A1-420D-98AB-F860506A6067} = {24A8EF34-C3B7-4153-AADD-B10460E404D9}
		{9CC2B321-9F8C-4DA6-8EE5-E3AF36595B14} = {F3B36442-E5B0-4C2F-8B24-8A18624223F2}
	EndGlobalSection
EndGlobal
